// !$*UTF8*$!
{
	archiveVersion = 1;
	classes = {
	};
	objectVersion = 56;
	objects = {

/* Begin PBXBuildFile section */
		158D220A2B1C5C4400486AB4 /* DocumentInputViewController.swift in Sources */ = {isa = PBXBuildFile; fileRef = 158D22092B1C5C4400486AB4 /* DocumentInputViewController.swift */; };
		158D22122B1CEAD800486AB4 /* ImageCell.swift in Sources */ = {isa = PBXBuildFile; fileRef = 158D22102B1CEAD800486AB4 /* ImageCell.swift */; };
		158D22132B1CEAD800486AB4 /* ImageCell.xib in Resources */ = {isa = PBXBuildFile; fileRef = 158D22112B1CEAD800486AB4 /* ImageCell.xib */; };
		159DB2D52B17173C00DF412C /* AppDelegate.swift in Sources */ = {isa = PBXBuildFile; fileRef = 159DB2D42B17173C00DF412C /* AppDelegate.swift */; };
		159DB2D72B17173C00DF412C /* SceneDelegate.swift in Sources */ = {isa = PBXBuildFile; fileRef = 159DB2D62B17173C00DF412C /* SceneDelegate.swift */; };
		159DB2D92B17173C00DF412C /* ViewController.swift in Sources */ = {isa = PBXBuildFile; fileRef = 159DB2D82B17173C00DF412C /* ViewController.swift */; };
		159DB2DC2B17173C00DF412C /* Main.storyboard in Resources */ = {isa = PBXBuildFile; fileRef = 159DB2DA2B17173C00DF412C /* Main.storyboard */; };
		159DB2DE2B17173E00DF412C /* Assets.xcassets in Resources */ = {isa = PBXBuildFile; fileRef = 159DB2DD2B17173E00DF412C /* Assets.xcassets */; };
		159DB2E12B17173E00DF412C /* LaunchScreen.storyboard in Resources */ = {isa = PBXBuildFile; fileRef = 159DB2DF2B17173E00DF412C /* LaunchScreen.storyboard */; };
		159DB2EC2B17173E00DF412C /* DocumentScannerDemoTests.swift in Sources */ = {isa = PBXBuildFile; fileRef = 159DB2EB2B17173E00DF412C /* DocumentScannerDemoTests.swift */; };
		159DB2F62B17173E00DF412C /* DocumentScannerDemoUITests.swift in Sources */ = {isa = PBXBuildFile; fileRef = 159DB2F52B17173E00DF412C /* DocumentScannerDemoUITests.swift */; };
		159DB2F82B17173E00DF412C /* DocumentScannerDemoUITestsLaunchTests.swift in Sources */ = {isa = PBXBuildFile; fileRef = 159DB2F72B17173E00DF412C /* DocumentScannerDemoUITestsLaunchTests.swift */; };
		159DB3062B185EA900DF412C /* CustomInputViewController.swift in Sources */ = {isa = PBXBuildFile; fileRef = 159DB3052B185EA900DF412C /* CustomInputViewController.swift */; };
		FAFBFE9D2B1F27860037D443 /* ZoomableImageView.swift in Sources */ = {isa = PBXBuildFile; fileRef = FAFBFE9C2B1F27860037D443 /* ZoomableImageView.swift */; };
/* End PBXBuildFile section */

/* Begin PBXContainerItemProxy section */
		159DB2E82B17173E00DF412C /* PBXContainerItemProxy */ = {
			isa = PBXContainerItemProxy;
			containerPortal = 159DB2C92B17173C00DF412C /* Project object */;
			proxyType = 1;
			remoteGlobalIDString = 159DB2D02B17173C00DF412C;
			remoteInfo = DocumentScannerDemo;
		};
		159DB2F22B17173E00DF412C /* PBXContainerItemProxy */ = {
			isa = PBXContainerItemProxy;
			containerPortal = 159DB2C92B17173C00DF412C /* Project object */;
			proxyType = 1;
			remoteGlobalIDString = 159DB2D02B17173C00DF412C;
			remoteInfo = DocumentScannerDemo;
		};
/* End PBXContainerItemProxy section */

/* Begin PBXFileReference section */
		158D22092B1C5C4400486AB4 /* DocumentInputViewController.swift */ = {isa = PBXFileReference; lastKnownFileType = sourcecode.swift; path = DocumentInputViewController.swift; sourceTree = "<group>"; };
		158D22102B1CEAD800486AB4 /* ImageCell.swift */ = {isa = PBXFileReference; lastKnownFileType = sourcecode.swift; path = ImageCell.swift; sourceTree = "<group>"; };
		158D22112B1CEAD800486AB4 /* ImageCell.xib */ = {isa = PBXFileReference; lastKnownFileType = file.xib; path = ImageCell.xib; sourceTree = "<group>"; };
		159DB2D12B17173C00DF412C /* DocumentScannerDemo.app */ = {isa = PBXFileReference; explicitFileType = wrapper.application; includeInIndex = 0; path = DocumentScannerDemo.app; sourceTree = BUILT_PRODUCTS_DIR; };
		159DB2D42B17173C00DF412C /* AppDelegate.swift */ = {isa = PBXFileReference; lastKnownFileType = sourcecode.swift; path = AppDelegate.swift; sourceTree = "<group>"; };
		159DB2D62B17173C00DF412C /* SceneDelegate.swift */ = {isa = PBXFileReference; lastKnownFileType = sourcecode.swift; path = SceneDelegate.swift; sourceTree = "<group>"; };
		159DB2D82B17173C00DF412C /* ViewController.swift */ = {isa = PBXFileReference; lastKnownFileType = sourcecode.swift; path = ViewController.swift; sourceTree = "<group>"; };
		159DB2DB2B17173C00DF412C /* Base */ = {isa = PBXFileReference; lastKnownFileType = file.storyboard; name = Base; path = Base.lproj/Main.storyboard; sourceTree = "<group>"; };
		159DB2DD2B17173E00DF412C /* Assets.xcassets */ = {isa = PBXFileReference; lastKnownFileType = folder.assetcatalog; path = Assets.xcassets; sourceTree = "<group>"; };
		159DB2E02B17173E00DF412C /* Base */ = {isa = PBXFileReference; lastKnownFileType = file.storyboard; name = Base; path = Base.lproj/LaunchScreen.storyboard; sourceTree = "<group>"; };
		159DB2E22B17173E00DF412C /* Info.plist */ = {isa = PBXFileReference; lastKnownFileType = text.plist.xml; path = Info.plist; sourceTree = "<group>"; };
		159DB2E72B17173E00DF412C /* DocumentScannerDemoTests.xctest */ = {isa = PBXFileReference; explicitFileType = wrapper.cfbundle; includeInIndex = 0; path = DocumentScannerDemoTests.xctest; sourceTree = BUILT_PRODUCTS_DIR; };
		159DB2EB2B17173E00DF412C /* DocumentScannerDemoTests.swift */ = {isa = PBXFileReference; lastKnownFileType = sourcecode.swift; path = DocumentScannerDemoTests.swift; sourceTree = "<group>"; };
		159DB2F12B17173E00DF412C /* DocumentScannerDemoUITests.xctest */ = {isa = PBXFileReference; explicitFileType = wrapper.cfbundle; includeInIndex = 0; path = DocumentScannerDemoUITests.xctest; sourceTree = BUILT_PRODUCTS_DIR; };
		159DB2F52B17173E00DF412C /* DocumentScannerDemoUITests.swift */ = {isa = PBXFileReference; lastKnownFileType = sourcecode.swift; path = DocumentScannerDemoUITests.swift; sourceTree = "<group>"; };
		159DB2F72B17173E00DF412C /* DocumentScannerDemoUITestsLaunchTests.swift */ = {isa = PBXFileReference; lastKnownFileType = sourcecode.swift; path = DocumentScannerDemoUITestsLaunchTests.swift; sourceTree = "<group>"; };
		159DB3052B185EA900DF412C /* CustomInputViewController.swift */ = {isa = PBXFileReference; lastKnownFileType = sourcecode.swift; path = CustomInputViewController.swift; sourceTree = "<group>"; };
		FAFBFE9C2B1F27860037D443 /* ZoomableImageView.swift */ = {isa = PBXFileReference; lastKnownFileType = sourcecode.swift; path = ZoomableImageView.swift; sourceTree = "<group>"; };
/* End PBXFileReference section */

/* Begin PBXFrameworksBuildPhase section */
		159DB2CE2B17173C00DF412C /* Frameworks */ = {
			isa = PBXFrameworksBuildPhase;
			buildActionMask = 2147483647;
			files = (
			);
			runOnlyForDeploymentPostprocessing = 0;
		};
		159DB2E42B17173E00DF412C /* Frameworks */ = {
			isa = PBXFrameworksBuildPhase;
			buildActionMask = 2147483647;
			files = (
			);
			runOnlyForDeploymentPostprocessing = 0;
		};
		159DB2EE2B17173E00DF412C /* Frameworks */ = {
			isa = PBXFrameworksBuildPhase;
			buildActionMask = 2147483647;
			files = (
			);
			runOnlyForDeploymentPostprocessing = 0;
		};
/* End PBXFrameworksBuildPhase section */

/* Begin PBXGroup section */
		158D220B2B1C959000486AB4 /* Cell */ = {
			isa = PBXGroup;
			children = (
				158D22102B1CEAD800486AB4 /* ImageCell.swift */,
				158D22112B1CEAD800486AB4 /* ImageCell.xib */,
			);
			path = Cell;
			sourceTree = "<group>";
		};
		159DB2C82B17173C00DF412C = {
			isa = PBXGroup;
			children = (
				159DB2D32B17173C00DF412C /* DocumentScannerDemo */,
				159DB2EA2B17173E00DF412C /* DocumentScannerDemoTests */,
				159DB2F42B17173E00DF412C /* DocumentScannerDemoUITests */,
				159DB2D22B17173C00DF412C /* Products */,
			);
			sourceTree = "<group>";
		};
		159DB2D22B17173C00DF412C /* Products */ = {
			isa = PBXGroup;
			children = (
				159DB2D12B17173C00DF412C /* DocumentScannerDemo.app */,
				159DB2E72B17173E00DF412C /* DocumentScannerDemoTests.xctest */,
				159DB2F12B17173E00DF412C /* DocumentScannerDemoUITests.xctest */,
			);
			name = Products;
			sourceTree = "<group>";
		};
		159DB2D32B17173C00DF412C /* DocumentScannerDemo */ = {
			isa = PBXGroup;
			children = (
				FAFBFE992B1F27590037D443 /* View */,
				158D220B2B1C959000486AB4 /* Cell */,
				159DB3042B185E8800DF412C /* Presentation */,
				159DB2D42B17173C00DF412C /* AppDelegate.swift */,
				159DB2D62B17173C00DF412C /* SceneDelegate.swift */,
				159DB2DA2B17173C00DF412C /* Main.storyboard */,
				159DB2DD2B17173E00DF412C /* Assets.xcassets */,
				159DB2DF2B17173E00DF412C /* LaunchScreen.storyboard */,
				159DB2E22B17173E00DF412C /* Info.plist */,
			);
			path = DocumentScannerDemo;
			sourceTree = "<group>";
		};
		159DB2EA2B17173E00DF412C /* DocumentScannerDemoTests */ = {
			isa = PBXGroup;
			children = (
				159DB2EB2B17173E00DF412C /* DocumentScannerDemoTests.swift */,
			);
			path = DocumentScannerDemoTests;
			sourceTree = "<group>";
		};
		159DB2F42B17173E00DF412C /* DocumentScannerDemoUITests */ = {
			isa = PBXGroup;
			children = (
				159DB2F52B17173E00DF412C /* DocumentScannerDemoUITests.swift */,
				159DB2F72B17173E00DF412C /* DocumentScannerDemoUITestsLaunchTests.swift */,
			);
			path = DocumentScannerDemoUITests;
			sourceTree = "<group>";
		};
		159DB3042B185E8800DF412C /* Presentation */ = {
			isa = PBXGroup;
			children = (
				159DB2D82B17173C00DF412C /* ViewController.swift */,
				159DB3052B185EA900DF412C /* CustomInputViewController.swift */,
				158D22092B1C5C4400486AB4 /* DocumentInputViewController.swift */,
			);
			path = Presentation;
			sourceTree = "<group>";
		};
		FAFBFE992B1F27590037D443 /* View */ = {
			isa = PBXGroup;
			children = (
				FAFBFE9C2B1F27860037D443 /* ZoomableImageView.swift */,
			);
			path = View;
			sourceTree = "<group>";
		};
/* End PBXGroup section */

/* Begin PBXNativeTarget section */
		159DB2D02B17173C00DF412C /* DocumentScannerDemo */ = {
			isa = PBXNativeTarget;
			buildConfigurationList = 159DB2FB2B17173E00DF412C /* Build configuration list for PBXNativeTarget "DocumentScannerDemo" */;
			buildPhases = (
				159DB2CD2B17173C00DF412C /* Sources */,
				159DB2CE2B17173C00DF412C /* Frameworks */,
				159DB2CF2B17173C00DF412C /* Resources */,
			);
			buildRules = (
			);
			dependencies = (
			);
			name = DocumentScannerDemo;
			productName = DocumentScannerDemo;
			productReference = 159DB2D12B17173C00DF412C /* DocumentScannerDemo.app */;
			productType = "com.apple.product-type.application";
		};
		159DB2E62B17173E00DF412C /* DocumentScannerDemoTests */ = {
			isa = PBXNativeTarget;
			buildConfigurationList = 159DB2FE2B17173E00DF412C /* Build configuration list for PBXNativeTarget "DocumentScannerDemoTests" */;
			buildPhases = (
				159DB2E32B17173E00DF412C /* Sources */,
				159DB2E42B17173E00DF412C /* Frameworks */,
				159DB2E52B17173E00DF412C /* Resources */,
			);
			buildRules = (
			);
			dependencies = (
				159DB2E92B17173E00DF412C /* PBXTargetDependency */,
			);
			name = DocumentScannerDemoTests;
			productName = DocumentScannerDemoTests;
			productReference = 159DB2E72B17173E00DF412C /* DocumentScannerDemoTests.xctest */;
			productType = "com.apple.product-type.bundle.unit-test";
		};
		159DB2F02B17173E00DF412C /* DocumentScannerDemoUITests */ = {
			isa = PBXNativeTarget;
			buildConfigurationList = 159DB3012B17173E00DF412C /* Build configuration list for PBXNativeTarget "DocumentScannerDemoUITests" */;
			buildPhases = (
				159DB2ED2B17173E00DF412C /* Sources */,
				159DB2EE2B17173E00DF412C /* Frameworks */,
				159DB2EF2B17173E00DF412C /* Resources */,
			);
			buildRules = (
			);
			dependencies = (
				159DB2F32B17173E00DF412C /* PBXTargetDependency */,
			);
			name = DocumentScannerDemoUITests;
			productName = DocumentScannerDemoUITests;
			productReference = 159DB2F12B17173E00DF412C /* DocumentScannerDemoUITests.xctest */;
			productType = "com.apple.product-type.bundle.ui-testing";
		};
/* End PBXNativeTarget section */

/* Begin PBXProject section */
		159DB2C92B17173C00DF412C /* Project object */ = {
			isa = PBXProject;
			attributes = {
				BuildIndependentTargetsInParallel = 1;
				LastSwiftUpdateCheck = 1500;
				LastUpgradeCheck = 1500;
				TargetAttributes = {
					159DB2D02B17173C00DF412C = {
						CreatedOnToolsVersion = 15.0.1;
					};
					159DB2E62B17173E00DF412C = {
						CreatedOnToolsVersion = 15.0.1;
						TestTargetID = 159DB2D02B17173C00DF412C;
					};
					159DB2F02B17173E00DF412C = {
						CreatedOnToolsVersion = 15.0.1;
						TestTargetID = 159DB2D02B17173C00DF412C;
					};
				};
			};
			buildConfigurationList = 159DB2CC2B17173C00DF412C /* Build configuration list for PBXProject "DocumentScannerDemo" */;
			compatibilityVersion = "Xcode 14.0";
			developmentRegion = en;
			hasScannedForEncodings = 0;
			knownRegions = (
				en,
				Base,
			);
			mainGroup = 159DB2C82B17173C00DF412C;
			productRefGroup = 159DB2D22B17173C00DF412C /* Products */;
			projectDirPath = "";
			projectRoot = "";
			targets = (
				159DB2D02B17173C00DF412C /* DocumentScannerDemo */,
				159DB2E62B17173E00DF412C /* DocumentScannerDemoTests */,
				159DB2F02B17173E00DF412C /* DocumentScannerDemoUITests */,
			);
		};
/* End PBXProject section */

/* Begin PBXResourcesBuildPhase section */
		159DB2CF2B17173C00DF412C /* Resources */ = {
			isa = PBXResourcesBuildPhase;
			buildActionMask = 2147483647;
			files = (
				159DB2E12B17173E00DF412C /* LaunchScreen.storyboard in Resources */,
				158D22132B1CEAD800486AB4 /* ImageCell.xib in Resources */,
				159DB2DE2B17173E00DF412C /* Assets.xcassets in Resources */,
				159DB2DC2B17173C00DF412C /* Main.storyboard in Resources */,
			);
			runOnlyForDeploymentPostprocessing = 0;
		};
		159DB2E52B17173E00DF412C /* Resources */ = {
			isa = PBXResourcesBuildPhase;
			buildActionMask = 2147483647;
			files = (
			);
			runOnlyForDeploymentPostprocessing = 0;
		};
		159DB2EF2B17173E00DF412C /* Resources */ = {
			isa = PBXResourcesBuildPhase;
			buildActionMask = 2147483647;
			files = (
			);
			runOnlyForDeploymentPostprocessing = 0;
		};
/* End PBXResourcesBuildPhase section */

/* Begin PBXSourcesBuildPhase section */
		159DB2CD2B17173C00DF412C /* Sources */ = {
			isa = PBXSourcesBuildPhase;
			buildActionMask = 2147483647;
			files = (
				159DB3062B185EA900DF412C /* CustomInputViewController.swift in Sources */,
				159DB2D92B17173C00DF412C /* ViewController.swift in Sources */,
				158D220A2B1C5C4400486AB4 /* DocumentInputViewController.swift in Sources */,
				159DB2D52B17173C00DF412C /* AppDelegate.swift in Sources */,
				FAFBFE9D2B1F27860037D443 /* ZoomableImageView.swift in Sources */,
				159DB2D72B17173C00DF412C /* SceneDelegate.swift in Sources */,
				158D22122B1CEAD800486AB4 /* ImageCell.swift in Sources */,
			);
			runOnlyForDeploymentPostprocessing = 0;
		};
		159DB2E32B17173E00DF412C /* Sources */ = {
			isa = PBXSourcesBuildPhase;
			buildActionMask = 2147483647;
			files = (
				159DB2EC2B17173E00DF412C /* DocumentScannerDemoTests.swift in Sources */,
			);
			runOnlyForDeploymentPostprocessing = 0;
		};
		159DB2ED2B17173E00DF412C /* Sources */ = {
			isa = PBXSourcesBuildPhase;
			buildActionMask = 2147483647;
			files = (
				159DB2F62B17173E00DF412C /* DocumentScannerDemoUITests.swift in Sources */,
				159DB2F82B17173E00DF412C /* DocumentScannerDemoUITestsLaunchTests.swift in Sources */,
			);
			runOnlyForDeploymentPostprocessing = 0;
		};
/* End PBXSourcesBuildPhase section */

/* Begin PBXTargetDependency section */
		159DB2E92B17173E00DF412C /* PBXTargetDependency */ = {
			isa = PBXTargetDependency;
			target = 159DB2D02B17173C00DF412C /* DocumentScannerDemo */;
			targetProxy = 159DB2E82B17173E00DF412C /* PBXContainerItemProxy */;
		};
		159DB2F32B17173E00DF412C /* PBXTargetDependency */ = {
			isa = PBXTargetDependency;
			target = 159DB2D02B17173C00DF412C /* DocumentScannerDemo */;
			targetProxy = 159DB2F22B17173E00DF412C /* PBXContainerItemProxy */;
		};
/* End PBXTargetDependency section */

/* Begin PBXVariantGroup section */
		159DB2DA2B17173C00DF412C /* Main.storyboard */ = {
			isa = PBXVariantGroup;
			children = (
				159DB2DB2B17173C00DF412C /* Base */,
			);
			name = Main.storyboard;
			sourceTree = "<group>";
		};
		159DB2DF2B17173E00DF412C /* LaunchScreen.storyboard */ = {
			isa = PBXVariantGroup;
			children = (
				159DB2E02B17173E00DF412C /* Base */,
			);
			name = LaunchScreen.storyboard;
			sourceTree = "<group>";
		};
/* End PBXVariantGroup section */

/* Begin XCBuildConfiguration section */
		159DB2F92B17173E00DF412C /* Debug */ = {
			isa = XCBuildConfiguration;
			buildSettings = {
				ALWAYS_SEARCH_USER_PATHS = NO;
				ASSETCATALOG_COMPILER_GENERATE_SWIFT_ASSET_SYMBOL_EXTENSIONS = YES;
				CLANG_ANALYZER_NONNULL = YES;
				CLANG_ANALYZER_NUMBER_OBJECT_CONVERSION = YES_AGGRESSIVE;
				CLANG_CXX_LANGUAGE_STANDARD = "gnu++20";
				CLANG_ENABLE_MODULES = YES;
				CLANG_ENABLE_OBJC_ARC = YES;
				CLANG_ENABLE_OBJC_WEAK = YES;
				CLANG_WARN_BLOCK_CAPTURE_AUTORELEASING = YES;
				CLANG_WARN_BOOL_CONVERSION = YES;
				CLANG_WARN_COMMA = YES;
				CLANG_WARN_CONSTANT_CONVERSION = YES;
				CLANG_WARN_DEPRECATED_OBJC_IMPLEMENTATIONS = YES;
				CLANG_WARN_DIRECT_OBJC_ISA_USAGE = YES_ERROR;
				CLANG_WARN_DOCUMENTATION_COMMENTS = YES;
				CLANG_WARN_EMPTY_BODY = YES;
				CLANG_WARN_ENUM_CONVERSION = YES;
				CLANG_WARN_INFINITE_RECURSION = YES;
				CLANG_WARN_INT_CONVERSION = YES;
				CLANG_WARN_NON_LITERAL_NULL_CONVERSION = YES;
				CLANG_WARN_OBJC_IMPLICIT_RETAIN_SELF = YES;
				CLANG_WARN_OBJC_LITERAL_CONVERSION = YES;
				CLANG_WARN_OBJC_ROOT_CLASS = YES_ERROR;
				CLANG_WARN_QUOTED_INCLUDE_IN_FRAMEWORK_HEADER = YES;
				CLANG_WARN_RANGE_LOOP_ANALYSIS = YES;
				CLANG_WARN_STRICT_PROTOTYPES = YES;
				CLANG_WARN_SUSPICIOUS_MOVE = YES;
				CLANG_WARN_UNGUARDED_AVAILABILITY = YES_AGGRESSIVE;
				CLANG_WARN_UNREACHABLE_CODE = YES;
				CLANG_WARN__DUPLICATE_METHOD_MATCH = YES;
				COPY_PHASE_STRIP = NO;
				DEBUG_INFORMATION_FORMAT = dwarf;
				ENABLE_STRICT_OBJC_MSGSEND = YES;
				ENABLE_TESTABILITY = YES;
				ENABLE_USER_SCRIPT_SANDBOXING = YES;
				GCC_C_LANGUAGE_STANDARD = gnu17;
				GCC_DYNAMIC_NO_PIC = NO;
				GCC_NO_COMMON_BLOCKS = YES;
				GCC_OPTIMIZATION_LEVEL = 0;
				GCC_PREPROCESSOR_DEFINITIONS = (
					"DEBUG=1",
					"$(inherited)",
				);
				GCC_WARN_64_TO_32_BIT_CONVERSION = YES;
				GCC_WARN_ABOUT_RETURN_TYPE = YES_ERROR;
				GCC_WARN_UNDECLARED_SELECTOR = YES;
				GCC_WARN_UNINITIALIZED_AUTOS = YES_AGGRESSIVE;
				GCC_WARN_UNUSED_FUNCTION = YES;
				GCC_WARN_UNUSED_VARIABLE = YES;
				IPHONEOS_DEPLOYMENT_TARGET = 17.0;
				LOCALIZATION_PREFERS_STRING_CATALOGS = YES;
				MTL_ENABLE_DEBUG_INFO = INCLUDE_SOURCE;
				MTL_FAST_MATH = YES;
				ONLY_ACTIVE_ARCH = YES;
				SDKROOT = iphoneos;
				SWIFT_ACTIVE_COMPILATION_CONDITIONS = "DEBUG $(inherited)";
				SWIFT_OPTIMIZATION_LEVEL = "-Onone";
			};
			name = Debug;
		};
		159DB2FA2B17173E00DF412C /* Release */ = {
			isa = XCBuildConfiguration;
			buildSettings = {
				ALWAYS_SEARCH_USER_PATHS = NO;
				ASSETCATALOG_COMPILER_GENERATE_SWIFT_ASSET_SYMBOL_EXTENSIONS = YES;
				CLANG_ANALYZER_NONNULL = YES;
				CLANG_ANALYZER_NUMBER_OBJECT_CONVERSION = YES_AGGRESSIVE;
				CLANG_CXX_LANGUAGE_STANDARD = "gnu++20";
				CLANG_ENABLE_MODULES = YES;
				CLANG_ENABLE_OBJC_ARC = YES;
				CLANG_ENABLE_OBJC_WEAK = YES;
				CLANG_WARN_BLOCK_CAPTURE_AUTORELEASING = YES;
				CLANG_WARN_BOOL_CONVERSION = YES;
				CLANG_WARN_COMMA = YES;
				CLANG_WARN_CONSTANT_CONVERSION = YES;
				CLANG_WARN_DEPRECATED_OBJC_IMPLEMENTATIONS = YES;
				CLANG_WARN_DIRECT_OBJC_ISA_USAGE = YES_ERROR;
				CLANG_WARN_DOCUMENTATION_COMMENTS = YES;
				CLANG_WARN_EMPTY_BODY = YES;
				CLANG_WARN_ENUM_CONVERSION = YES;
				CLANG_WARN_INFINITE_RECURSION = YES;
				CLANG_WARN_INT_CONVERSION = YES;
				CLANG_WARN_NON_LITERAL_NULL_CONVERSION = YES;
				CLANG_WARN_OBJC_IMPLICIT_RETAIN_SELF = YES;
				CLANG_WARN_OBJC_LITERAL_CONVERSION = YES;
				CLANG_WARN_OBJC_ROOT_CLASS = YES_ERROR;
				CLANG_WARN_QUOTED_INCLUDE_IN_FRAMEWORK_HEADER = YES;
				CLANG_WARN_RANGE_LOOP_ANALYSIS = YES;
				CLANG_WARN_STRICT_PROTOTYPES = YES;
				CLANG_WARN_SUSPICIOUS_MOVE = YES;
				CLANG_WARN_UNGUARDED_AVAILABILITY = YES_AGGRESSIVE;
				CLANG_WARN_UNREACHABLE_CODE = YES;
				CLANG_WARN__DUPLICATE_METHOD_MATCH = YES;
				COPY_PHASE_STRIP = NO;
				DEBUG_INFORMATION_FORMAT = "dwarf-with-dsym";
				ENABLE_NS_ASSERTIONS = NO;
				ENABLE_STRICT_OBJC_MSGSEND = YES;
				ENABLE_USER_SCRIPT_SANDBOXING = YES;
				GCC_C_LANGUAGE_STANDARD = gnu17;
				GCC_NO_COMMON_BLOCKS = YES;
				GCC_WARN_64_TO_32_BIT_CONVERSION = YES;
				GCC_WARN_ABOUT_RETURN_TYPE = YES_ERROR;
				GCC_WARN_UNDECLARED_SELECTOR = YES;
				GCC_WARN_UNINITIALIZED_AUTOS = YES_AGGRESSIVE;
				GCC_WARN_UNUSED_FUNCTION = YES;
				GCC_WARN_UNUSED_VARIABLE = YES;
				IPHONEOS_DEPLOYMENT_TARGET = 17.0;
				LOCALIZATION_PREFERS_STRING_CATALOGS = YES;
				MTL_ENABLE_DEBUG_INFO = NO;
				MTL_FAST_MATH = YES;
				SDKROOT = iphoneos;
				SWIFT_COMPILATION_MODE = wholemodule;
				VALIDATE_PRODUCT = YES;
			};
			name = Release;
		};
		159DB2FC2B17173E00DF412C /* Debug */ = {
			isa = XCBuildConfiguration;
			buildSettings = {
				ASSETCATALOG_COMPILER_APPICON_NAME = AppIcon;
				ASSETCATALOG_COMPILER_GLOBAL_ACCENT_COLOR_NAME = AccentColor;
				CODE_SIGN_STYLE = Automatic;
				CURRENT_PROJECT_VERSION = 1;
				DEVELOPMENT_TEAM = A2KT8CVF73;
				GENERATE_INFOPLIST_FILE = YES;
				INFOPLIST_FILE = DocumentScannerDemo/Info.plist;
				INFOPLIST_KEY_NSCameraUsageDescription = "DocumentScannerDemo needs camera permission to scan.";
				INFOPLIST_KEY_UIApplicationSupportsIndirectInputEvents = YES;
				INFOPLIST_KEY_UILaunchStoryboardName = LaunchScreen;
				INFOPLIST_KEY_UIMainStoryboardFile = Main;
				INFOPLIST_KEY_UISupportedInterfaceOrientations_iPad = "UIInterfaceOrientationPortrait UIInterfaceOrientationPortraitUpsideDown UIInterfaceOrientationLandscapeLeft UIInterfaceOrientationLandscapeRight";
				INFOPLIST_KEY_UISupportedInterfaceOrientations_iPhone = "UIInterfaceOrientationPortrait UIInterfaceOrientationLandscapeLeft UIInterfaceOrientationLandscapeRight";
				LD_RUNPATH_SEARCH_PATHS = (
					"$(inherited)",
					"@executable_path/Frameworks",
				);
				MARKETING_VERSION = 1.0;
				PRODUCT_BUNDLE_IDENTIFIER = com.rehnuma.DocumentScannerDemo;
				PRODUCT_NAME = "$(TARGET_NAME)";
				SWIFT_EMIT_LOC_STRINGS = YES;
				SWIFT_VERSION = 5.0;
				TARGETED_DEVICE_FAMILY = "1,2";
			};
			name = Debug;
		};
		159DB2FD2B17173E00DF412C /* Release */ = {
			isa = XCBuildConfiguration;
			buildSettings = {
				ASSETCATALOG_COMPILER_APPICON_NAME = AppIcon;
				ASSETCATALOG_COMPILER_GLOBAL_ACCENT_COLOR_NAME = AccentColor;
				CODE_SIGN_STYLE = Automatic;
				CURRENT_PROJECT_VERSION = 1;
				DEVELOPMENT_TEAM = A2KT8CVF73;
				GENERATE_INFOPLIST_FILE = YES;
				INFOPLIST_FILE = DocumentScannerDemo/Info.plist;
				INFOPLIST_KEY_NSCameraUsageDescription = "DocumentScannerDemo needs camera permission to scan.";
				INFOPLIST_KEY_UIApplicationSupportsIndirectInputEvents = YES;
				INFOPLIST_KEY_UILaunchStoryboardName = LaunchScreen;
				INFOPLIST_KEY_UIMainStoryboardFile = Main;
				INFOPLIST_KEY_UISupportedInterfaceOrientations_iPad = "UIInterfaceOrientationPortrait UIInterfaceOrientationPortraitUpsideDown UIInterfaceOrientationLandscapeLeft UIInterfaceOrientationLandscapeRight";
				INFOPLIST_KEY_UISupportedInterfaceOrientations_iPhone = "UIInterfaceOrientationPortrait UIInterfaceOrientationLandscapeLeft UIInterfaceOrientationLandscapeRight";
				LD_RUNPATH_SEARCH_PATHS = (
					"$(inherited)",
					"@executable_path/Frameworks",
				);
				MARKETING_VERSION = 1.0;
				PRODUCT_BUNDLE_IDENTIFIER = com.rehnuma.DocumentScannerDemo;
				PRODUCT_NAME = "$(TARGET_NAME)";
				SWIFT_EMIT_LOC_STRINGS = YES;
				SWIFT_VERSION = 5.0;
				TARGETED_DEVICE_FAMILY = "1,2";
			};
			name = Release;
		};
		159DB2FF2B17173E00DF412C /* Debug */ = {
			isa = XCBuildConfiguration;
			buildSettings = {
				ALWAYS_EMBED_SWIFT_STANDARD_LIBRARIES = YES;
				BUNDLE_LOADER = "$(TEST_HOST)";
				CODE_SIGN_STYLE = Automatic;
				CURRENT_PROJECT_VERSION = 1;
				DEVELOPMENT_TEAM = A2KT8CVF73;
				GENERATE_INFOPLIST_FILE = YES;
				IPHONEOS_DEPLOYMENT_TARGET = 17.0;
				MARKETING_VERSION = 1.0;
				PRODUCT_BUNDLE_IDENTIFIER = com.rehnuma.DocumentScannerDemoTests;
				PRODUCT_NAME = "$(TARGET_NAME)";
				SWIFT_EMIT_LOC_STRINGS = NO;
				SWIFT_VERSION = 5.0;
				TARGETED_DEVICE_FAMILY = "1,2";
				TEST_HOST = "$(BUILT_PRODUCTS_DIR)/DocumentScannerDemo.app/$(BUNDLE_EXECUTABLE_FOLDER_PATH)/DocumentScannerDemo";
			};
			name = Debug;
		};
		159DB3002B17173E00DF412C /* Release */ = {
			isa = XCBuildConfiguration;
			buildSettings = {
				ALWAYS_EMBED_SWIFT_STANDARD_LIBRARIES = YES;
				BUNDLE_LOADER = "$(TEST_HOST)";
				CODE_SIGN_STYLE = Automatic;
				CURRENT_PROJECT_VERSION = 1;
				DEVELOPMENT_TEAM = A2KT8CVF73;
				GENERATE_INFOPLIST_FILE = YES;
				IPHONEOS_DEPLOYMENT_TARGET = 17.0;
				MARKETING_VERSION = 1.0;
				PRODUCT_BUNDLE_IDENTIFIER = com.rehnuma.DocumentScannerDemoTests;
				PRODUCT_NAME = "$(TARGET_NAME)";
				SWIFT_EMIT_LOC_STRINGS = NO;
				SWIFT_VERSION = 5.0;
				TARGETED_DEVICE_FAMILY = "1,2";
				TEST_HOST = "$(BUILT_PRODUCTS_DIR)/DocumentScannerDemo.app/$(BUNDLE_EXECUTABLE_FOLDER_PATH)/DocumentScannerDemo";
			};
			name = Release;
		};
		159DB3022B17173E00DF412C /* Debug */ = {
			isa = XCBuildConfiguration;
			buildSettings = {
				ALWAYS_EMBED_SWIFT_STANDARD_LIBRARIES = YES;
				CODE_SIGN_STYLE = Automatic;
				CURRENT_PROJECT_VERSION = 1;
				DEVELOPMENT_TEAM = A2KT8CVF73;
				GENERATE_INFOPLIST_FILE = YES;
				MARKETING_VERSION = 1.0;
				PRODUCT_BUNDLE_IDENTIFIER = com.rehnuma.DocumentScannerDemoUITests;
				PRODUCT_NAME = "$(TARGET_NAME)";
				SWIFT_EMIT_LOC_STRINGS = NO;
				SWIFT_VERSION = 5.0;
				TARGETED_DEVICE_FAMILY = "1,2";
				TEST_TARGET_NAME = DocumentScannerDemo;
			};
			name = Debug;
		};
		159DB3032B17173E00DF412C /* Release */ = {
			isa = XCBuildConfiguration;
			buildSettings = {
				ALWAYS_EMBED_SWIFT_STANDARD_LIBRARIES = YES;
				CODE_SIGN_STYLE = Automatic;
				CURRENT_PROJECT_VERSION = 1;
				DEVELOPMENT_TEAM = A2KT8CVF73;
				GENERATE_INFOPLIST_FILE = YES;
				MARKETING_VERSION = 1.0;
				PRODUCT_BUNDLE_IDENTIFIER = com.rehnuma.DocumentScannerDemoUITests;
				PRODUCT_NAME = "$(TARGET_NAME)";
				SWIFT_EMIT_LOC_STRINGS = NO;
				SWIFT_VERSION = 5.0;
				TARGETED_DEVICE_FAMILY = "1,2";
				TEST_TARGET_NAME = DocumentScannerDemo;
			};
			name = Release;
		};
/* End XCBuildConfiguration section */

/* Begin XCConfigurationList section */
		159DB2CC2B17173C00DF412C /* Build configuration list for PBXProject "DocumentScannerDemo" */ = {
			isa = XCConfigurationList;
			buildConfigurations = (
				159DB2F92B17173E00DF412C /* Debug */,
				159DB2FA2B17173E00DF412C /* Release */,
			);
			defaultConfigurationIsVisible = 0;
			defaultConfigurationName = Release;
		};
		159DB2FB2B17173E00DF412C /* Build configuration list for PBXNativeTarget "DocumentScannerDemo" */ = {
			isa = XCConfigurationList;
			buildConfigurations = (
				159DB2FC2B17173E00DF412C /* Debug */,
				159DB2FD2B17173E00DF412C /* Release */,
			);
			defaultConfigurationIsVisible = 0;
			defaultConfigurationName = Release;
		};
		159DB2FE2B17173E00DF412C /* Build configuration list for PBXNativeTarget "DocumentScannerDemoTests" */ = {
			isa = XCConfigurationList;
			buildConfigurations = (
				159DB2FF2B17173E00DF412C /* Debug */,
				159DB3002B17173E00DF412C /* Release */,
			);
			defaultConfigurationIsVisible = 0;
			defaultConfigurationName = Release;
		};
		159DB3012B17173E00DF412C /* Build configuration list for PBXNativeTarget "DocumentScannerDemoUITests" */ = {
			isa = XCConfigurationList;
			buildConfigurations = (
				159DB3022B17173E00DF412C /* Debug */,
				159DB3032B17173E00DF412C /* Release */,
			);
			defaultConfigurationIsVisible = 0;
			defaultConfigurationName = Release;
		};
/* End XCConfigurationList section */
	};
	rootObject = 159DB2C92B17173C00DF412C /* Project object */;
}
